// !$*UTF8*$!
{
	archiveVersion = 1;
	classes = {
	};
	objectVersion = 46;
	objects = {

/* Begin PBXBuildFile section */
		BBB859391B588F1300D43CA7 /* main.m in Sources */ = {isa = PBXBuildFile; fileRef = BBB859381B588F1300D43CA7 /* main.m */; };
		BBB8593C1B588F1300D43CA7 /* AppDelegate.m in Sources */ = {isa = PBXBuildFile; fileRef = BBB8593B1B588F1300D43CA7 /* AppDelegate.m */; };
		BBB859441B588F1300D43CA7 /* Images.xcassets in Resources */ = {isa = PBXBuildFile; fileRef = BBB859431B588F1300D43CA7 /* Images.xcassets */; };
		BBB859471B588F1300D43CA7 /* LaunchScreen.xib in Resources */ = {isa = PBXBuildFile; fileRef = BBB859451B588F1300D43CA7 /* LaunchScreen.xib */; };
		BBB859531B588F1300D43CA7 /* PisShadowScrollViewTests.m in Sources */ = {isa = PBXBuildFile; fileRef = BBB859521B588F1300D43CA7 /* PisShadowScrollViewTests.m */; };
		BBB859601B58906D00D43CA7 /* NEPagedScrollView.m in Sources */ = {isa = PBXBuildFile; fileRef = BBB8595C1B58906D00D43CA7 /* NEPagedScrollView.m */; };
		BBB859611B58906D00D43CA7 /* CardViewAnimationHelper.m in Sources */ = {isa = PBXBuildFile; fileRef = BBB8595D1B58906D00D43CA7 /* CardViewAnimationHelper.m */; };
		BBB859651B5890CB00D43CA7 /* CardViewController.m in Sources */ = {isa = PBXBuildFile; fileRef = BBB859631B5890CB00D43CA7 /* CardViewController.m */; };
		BBB859661B5890CB00D43CA7 /* CardViewController.xib in Resources */ = {isa = PBXBuildFile; fileRef = BBB859641B5890CB00D43CA7 /* CardViewController.xib */; };
		BBB8596D1B58A10300D43CA7 /* UIView+Utils.m in Sources */ = {isa = PBXBuildFile; fileRef = BBB8596B1B58A10300D43CA7 /* UIView+Utils.m */; };
		BBB859711B58A3B400D43CA7 /* PagedScrollViewHelperView.m in Sources */ = {isa = PBXBuildFile; fileRef = BBB859701B58A3B400D43CA7 /* PagedScrollViewHelperView.m */; };
		BBB859741B58C65F00D43CA7 /* CardView.m in Sources */ = {isa = PBXBuildFile; fileRef = BBB859731B58C65F00D43CA7 /* CardView.m */; };
		BBB859761B58C6A100D43CA7 /* CardView.xib in Resources */ = {isa = PBXBuildFile; fileRef = BBB859751B58C6A100D43CA7 /* CardView.xib */; };
		BBB859791B58C98800D43CA7 /* UIColor+Random.m in Sources */ = {isa = PBXBuildFile; fileRef = BBB859781B58C98800D43CA7 /* UIColor+Random.m */; };
		BBB8597B1B58D0A600D43CA7 /* Main.storyboard in Resources */ = {isa = PBXBuildFile; fileRef = BBB8597A1B58D0A600D43CA7 /* Main.storyboard */; };
		BBDCA8101B5C969F002D879B /* Untitled.gif in Resources */ = {isa = PBXBuildFile; fileRef = BBDCA80F1B5C969F002D879B /* Untitled.gif */; };
/* End PBXBuildFile section */

/* Begin PBXContainerItemProxy section */
		BBB8594D1B588F1300D43CA7 /* PBXContainerItemProxy */ = {
			isa = PBXContainerItemProxy;
			containerPortal = BBB8592B1B588F1300D43CA7 /* Project object */;
			proxyType = 1;
			remoteGlobalIDString = BBB859321B588F1300D43CA7;
			remoteInfo = PisShadowScrollView;
		};
/* End PBXContainerItemProxy section */

/* Begin PBXFileReference section */
		BBB859331B588F1300D43CA7 /* PisShadowScrollView.app */ = {isa = PBXFileReference; explicitFileType = wrapper.application; includeInIndex = 0; path = PisShadowScrollView.app; sourceTree = BUILT_PRODUCTS_DIR; };
		BBB859371B588F1300D43CA7 /* Info.plist */ = {isa = PBXFileReference; lastKnownFileType = text.plist.xml; path = Info.plist; sourceTree = "<group>"; };
		BBB859381B588F1300D43CA7 /* main.m */ = {isa = PBXFileReference; lastKnownFileType = sourcecode.c.objc; path = main.m; sourceTree = "<group>"; };
		BBB8593A1B588F1300D43CA7 /* AppDelegate.h */ = {isa = PBXFileReference; lastKnownFileType = sourcecode.c.h; path = AppDelegate.h; sourceTree = "<group>"; };
		BBB8593B1B588F1300D43CA7 /* AppDelegate.m */ = {isa = PBXFileReference; lastKnownFileType = sourcecode.c.objc; path = AppDelegate.m; sourceTree = "<group>"; };
		BBB859431B588F1300D43CA7 /* Images.xcassets */ = {isa = PBXFileReference; lastKnownFileType = folder.assetcatalog; path = Images.xcassets; sourceTree = "<group>"; };
		BBB859461B588F1300D43CA7 /* Base */ = {isa = PBXFileReference; lastKnownFileType = file.xib; name = Base; path = Base.lproj/LaunchScreen.xib; sourceTree = "<group>"; };
		BBB8594C1B588F1300D43CA7 /* PisShadowScrollViewTests.xctest */ = {isa = PBXFileReference; explicitFileType = wrapper.cfbundle; includeInIndex = 0; path = PisShadowScrollViewTests.xctest; sourceTree = BUILT_PRODUCTS_DIR; };
		BBB859511B588F1300D43CA7 /* Info.plist */ = {isa = PBXFileReference; lastKnownFileType = text.plist.xml; path = Info.plist; sourceTree = "<group>"; };
		BBB859521B588F1300D43CA7 /* PisShadowScrollViewTests.m */ = {isa = PBXFileReference; lastKnownFileType = sourcecode.c.objc; path = PisShadowScrollViewTests.m; sourceTree = "<group>"; };
		BBB8595C1B58906D00D43CA7 /* NEPagedScrollView.m */ = {isa = PBXFileReference; fileEncoding = 4; lastKnownFileType = sourcecode.c.objc; name = NEPagedScrollView.m; path = ../NEPagedScrollView.m; sourceTree = "<group>"; };
		BBB8595D1B58906D00D43CA7 /* CardViewAnimationHelper.m */ = {isa = PBXFileReference; fileEncoding = 4; lastKnownFileType = sourcecode.c.objc; name = CardViewAnimationHelper.m; path = ../CardViewAnimationHelper.m; sourceTree = "<group>"; };
		BBB8595E1B58906D00D43CA7 /* CardViewAnimationHelper.h */ = {isa = PBXFileReference; fileEncoding = 4; lastKnownFileType = sourcecode.c.h; name = CardViewAnimationHelper.h; path = ../CardViewAnimationHelper.h; sourceTree = "<group>"; };
		BBB8595F1B58906D00D43CA7 /* NEPagedScrollView.h */ = {isa = PBXFileReference; fileEncoding = 4; lastKnownFileType = sourcecode.c.h; name = NEPagedScrollView.h; path = ../NEPagedScrollView.h; sourceTree = "<group>"; };
		BBB859621B5890CB00D43CA7 /* CardViewController.h */ = {isa = PBXFileReference; fileEncoding = 4; lastKnownFileType = sourcecode.c.h; path = CardViewController.h; sourceTree = "<group>"; };
		BBB859631B5890CB00D43CA7 /* CardViewController.m */ = {isa = PBXFileReference; fileEncoding = 4; lastKnownFileType = sourcecode.c.objc; path = CardViewController.m; sourceTree = "<group>"; };
		BBB859641B5890CB00D43CA7 /* CardViewController.xib */ = {isa = PBXFileReference; fileEncoding = 4; lastKnownFileType = file.xib; path = CardViewController.xib; sourceTree = "<group>"; };
		BBB8596A1B58A02600D43CA7 /* PisShadowScrollView-Prefix.pch */ = {isa = PBXFileReference; lastKnownFileType = sourcecode.c.h; path = "PisShadowScrollView-Prefix.pch"; sourceTree = "<group>"; };
		BBB8596B1B58A10300D43CA7 /* UIView+Utils.m */ = {isa = PBXFileReference; fileEncoding = 4; lastKnownFileType = sourcecode.c.objc; name = "UIView+Utils.m"; path = "../UIView+Utils.m"; sourceTree = "<group>"; };
		BBB8596C1B58A10300D43CA7 /* UIView+Utils.h */ = {isa = PBXFileReference; fileEncoding = 4; lastKnownFileType = sourcecode.c.h; name = "UIView+Utils.h"; path = "../UIView+Utils.h"; sourceTree = "<group>"; };
		BBB8596F1B58A3B400D43CA7 /* PagedScrollViewHelperView.h */ = {isa = PBXFileReference; fileEncoding = 4; lastKnownFileType = sourcecode.c.h; path = PagedScrollViewHelperView.h; sourceTree = "<group>"; };
		BBB859701B58A3B400D43CA7 /* PagedScrollViewHelperView.m */ = {isa = PBXFileReference; fileEncoding = 4; lastKnownFileType = sourcecode.c.objc; path = PagedScrollViewHelperView.m; sourceTree = "<group>"; };
		BBB859721B58C65F00D43CA7 /* CardView.h */ = {isa = PBXFileReference; fileEncoding = 4; lastKnownFileType = sourcecode.c.h; path = CardView.h; sourceTree = "<group>"; };
		BBB859731B58C65F00D43CA7 /* CardView.m */ = {isa = PBXFileReference; fileEncoding = 4; lastKnownFileType = sourcecode.c.objc; path = CardView.m; sourceTree = "<group>"; };
		BBB859751B58C6A100D43CA7 /* CardView.xib */ = {isa = PBXFileReference; fileEncoding = 4; lastKnownFileType = file.xib; path = CardView.xib; sourceTree = "<group>"; };
		BBB859771B58C98800D43CA7 /* UIColor+Random.h */ = {isa = PBXFileReference; fileEncoding = 4; lastKnownFileType = sourcecode.c.h; path = "UIColor+Random.h"; sourceTree = "<group>"; };
		BBB859781B58C98800D43CA7 /* UIColor+Random.m */ = {isa = PBXFileReference; fileEncoding = 4; lastKnownFileType = sourcecode.c.objc; path = "UIColor+Random.m"; sourceTree = "<group>"; };
		BBB8597A1B58D0A600D43CA7 /* Main.storyboard */ = {isa = PBXFileReference; fileEncoding = 4; lastKnownFileType = file.storyboard; path = Main.storyboard; sourceTree = "<group>"; };
		BBDCA80F1B5C969F002D879B /* Untitled.gif */ = {isa = PBXFileReference; lastKnownFileType = image.gif; path = Untitled.gif; sourceTree = "<group>"; };
/* End PBXFileReference section */

/* Begin PBXFrameworksBuildPhase section */
		BBB859301B588F1300D43CA7 /* Frameworks */ = {
			isa = PBXFrameworksBuildPhase;
			buildActionMask = 2147483647;
			files = (
			);
			runOnlyForDeploymentPostprocessing = 0;
		};
		BBB859491B588F1300D43CA7 /* Frameworks */ = {
			isa = PBXFrameworksBuildPhase;
			buildActionMask = 2147483647;
			files = (
			);
			runOnlyForDeploymentPostprocessing = 0;
		};
/* End PBXFrameworksBuildPhase section */

/* Begin PBXGroup section */
		BBB8592A1B588F1300D43CA7 = {
			isa = PBXGroup;
			children = (
				BBB859351B588F1300D43CA7 /* PisShadowScrollView */,
				BBB8594F1B588F1300D43CA7 /* PisShadowScrollViewTests */,
				BBB859341B588F1300D43CA7 /* Products */,
			);
			sourceTree = "<group>";
		};
		BBB859341B588F1300D43CA7 /* Products */ = {
			isa = PBXGroup;
			children = (
				BBB859331B588F1300D43CA7 /* PisShadowScrollView.app */,
				BBB8594C1B588F1300D43CA7 /* PisShadowScrollViewTests.xctest */,
			);
			name = Products;
			sourceTree = "<group>";
		};
		BBB859351B588F1300D43CA7 /* PisShadowScrollView */ = {
			isa = PBXGroup;
			children = (
				BBB8593A1B588F1300D43CA7 /* AppDelegate.h */,
				BBB8593B1B588F1300D43CA7 /* AppDelegate.m */,
				BBB859621B5890CB00D43CA7 /* CardViewController.h */,
				BBB859631B5890CB00D43CA7 /* CardViewController.m */,
				BBB859641B5890CB00D43CA7 /* CardViewController.xib */,
				BBB8597A1B58D0A600D43CA7 /* Main.storyboard */,
				BBB8596E1B58A1B200D43CA7 /* view */,
				BBB859431B588F1300D43CA7 /* Images.xcassets */,
				BBB859451B588F1300D43CA7 /* LaunchScreen.xib */,
				BBDCA80F1B5C969F002D879B /* Untitled.gif */,
				BBB859361B588F1300D43CA7 /* Supporting Files */,
			);
			path = PisShadowScrollView;
			sourceTree = "<group>";
		};
		BBB859361B588F1300D43CA7 /* Supporting Files */ = {
			isa = PBXGroup;
			children = (
				BBB8596A1B58A02600D43CA7 /* PisShadowScrollView-Prefix.pch */,
				BBB859371B588F1300D43CA7 /* Info.plist */,
				BBB859381B588F1300D43CA7 /* main.m */,
			);
			name = "Supporting Files";
			sourceTree = "<group>";
		};
		BBB8594F1B588F1300D43CA7 /* PisShadowScrollViewTests */ = {
			isa = PBXGroup;
			children = (
				BBB859521B588F1300D43CA7 /* PisShadowScrollViewTests.m */,
				BBB859501B588F1300D43CA7 /* Supporting Files */,
			);
			path = PisShadowScrollViewTests;
			sourceTree = "<group>";
		};
		BBB859501B588F1300D43CA7 /* Supporting Files */ = {
			isa = PBXGroup;
			children = (
				BBB859511B588F1300D43CA7 /* Info.plist */,
			);
			name = "Supporting Files";
			sourceTree = "<group>";
		};
		BBB8596E1B58A1B200D43CA7 /* view */ = {
			isa = PBXGroup;
			children = (
				BBB859721B58C65F00D43CA7 /* CardView.h */,
				BBB859731B58C65F00D43CA7 /* CardView.m */,
				BBB859751B58C6A100D43CA7 /* CardView.xib */,
				BBB8596B1B58A10300D43CA7 /* UIView+Utils.m */,
				BBB8596C1B58A10300D43CA7 /* UIView+Utils.h */,
				BBB8595F1B58906D00D43CA7 /* NEPagedScrollView.h */,
				BBB8595C1B58906D00D43CA7 /* NEPagedScrollView.m */,
				BBB8596F1B58A3B400D43CA7 /* PagedScrollViewHelperView.h */,
				BBB859701B58A3B400D43CA7 /* PagedScrollViewHelperView.m */,
				BBB8595E1B58906D00D43CA7 /* CardViewAnimationHelper.h */,
				BBB8595D1B58906D00D43CA7 /* CardViewAnimationHelper.m */,
				BBB859771B58C98800D43CA7 /* UIColor+Random.h */,
				BBB859781B58C98800D43CA7 /* UIColor+Random.m */,
			);
			path = view;
			sourceTree = "<group>";
		};
/* End PBXGroup section */

/* Begin PBXNativeTarget section */
		BBB859321B588F1300D43CA7 /* PisShadowScrollView */ = {
			isa = PBXNativeTarget;
			buildConfigurationList = BBB859561B588F1300D43CA7 /* Build configuration list for PBXNativeTarget "PisShadowScrollView" */;
			buildPhases = (
				BBB8592F1B588F1300D43CA7 /* Sources */,
				BBB859301B588F1300D43CA7 /* Frameworks */,
				BBB859311B588F1300D43CA7 /* Resources */,
			);
			buildRules = (
			);
			dependencies = (
			);
			name = PisShadowScrollView;
			productName = PisShadowScrollView;
			productReference = BBB859331B588F1300D43CA7 /* PisShadowScrollView.app */;
			productType = "com.apple.product-type.application";
		};
		BBB8594B1B588F1300D43CA7 /* PisShadowScrollViewTests */ = {
			isa = PBXNativeTarget;
			buildConfigurationList = BBB859591B588F1300D43CA7 /* Build configuration list for PBXNativeTarget "PisShadowScrollViewTests" */;
			buildPhases = (
				BBB859481B588F1300D43CA7 /* Sources */,
				BBB859491B588F1300D43CA7 /* Frameworks */,
				BBB8594A1B588F1300D43CA7 /* Resources */,
			);
			buildRules = (
			);
			dependencies = (
				BBB8594E1B588F1300D43CA7 /* PBXTargetDependency */,
			);
			name = PisShadowScrollViewTests;
			productName = PisShadowScrollViewTests;
			productReference = BBB8594C1B588F1300D43CA7 /* PisShadowScrollViewTests.xctest */;
			productType = "com.apple.product-type.bundle.unit-test";
		};
/* End PBXNativeTarget section */

/* Begin PBXProject section */
		BBB8592B1B588F1300D43CA7 /* Project object */ = {
			isa = PBXProject;
			attributes = {
				LastUpgradeCheck = 0630;
				ORGANIZATIONNAME = newegg;
				TargetAttributes = {
					BBB859321B588F1300D43CA7 = {
						CreatedOnToolsVersion = 6.3.1;
					};
					BBB8594B1B588F1300D43CA7 = {
						CreatedOnToolsVersion = 6.3.1;
						TestTargetID = BBB859321B588F1300D43CA7;
					};
				};
			};
			buildConfigurationList = BBB8592E1B588F1300D43CA7 /* Build configuration list for PBXProject "PisShadowScrollView" */;
			compatibilityVersion = "Xcode 3.2";
			developmentRegion = English;
			hasScannedForEncodings = 0;
			knownRegions = (
				en,
				Base,
			);
			mainGroup = BBB8592A1B588F1300D43CA7;
			productRefGroup = BBB859341B588F1300D43CA7 /* Products */;
			projectDirPath = "";
			projectRoot = "";
			targets = (
				BBB859321B588F1300D43CA7 /* PisShadowScrollView */,
				BBB8594B1B588F1300D43CA7 /* PisShadowScrollViewTests */,
			);
		};
/* End PBXProject section */

/* Begin PBXResourcesBuildPhase section */
		BBB859311B588F1300D43CA7 /* Resources */ = {
			isa = PBXResourcesBuildPhase;
			buildActionMask = 2147483647;
			files = (
				BBB859661B5890CB00D43CA7 /* CardViewController.xib in Resources */,
				BBDCA8101B5C969F002D879B /* Untitled.gif in Resources */,
				BBB8597B1B58D0A600D43CA7 /* Main.storyboard in Resources */,
				BBB859471B588F1300D43CA7 /* LaunchScreen.xib in Resources */,
				BBB859761B58C6A100D43CA7 /* CardView.xib in Resources */,
				BBB859441B588F1300D43CA7 /* Images.xcassets in Resources */,
			);
			runOnlyForDeploymentPostprocessing = 0;
		};
		BBB8594A1B588F1300D43CA7 /* Resources */ = {
			isa = PBXResourcesBuildPhase;
			buildActionMask = 2147483647;
			files = (
			);
			runOnlyForDeploymentPostprocessing = 0;
		};
/* End PBXResourcesBuildPhase section */

/* Begin PBXSourcesBuildPhase section */
		BBB8592F1B588F1300D43CA7 /* Sources */ = {
			isa = PBXSourcesBuildPhase;
			buildActionMask = 2147483647;
			files = (
				BBB859711B58A3B400D43CA7 /* PagedScrollViewHelperView.m in Sources */,
				BBB8596D1B58A10300D43CA7 /* UIView+Utils.m in Sources */,
				BBB859741B58C65F00D43CA7 /* CardView.m in Sources */,
				BBB859791B58C98800D43CA7 /* UIColor+Random.m in Sources */,
				BBB859601B58906D00D43CA7 /* NEPagedScrollView.m in Sources */,
				BBB859651B5890CB00D43CA7 /* CardViewController.m in Sources */,
				BBB8593C1B588F1300D43CA7 /* AppDelegate.m in Sources */,
				BBB859391B588F1300D43CA7 /* main.m in Sources */,
				BBB859611B58906D00D43CA7 /* CardViewAnimationHelper.m in Sources */,
			);
			runOnlyForDeploymentPostprocessing = 0;
		};
		BBB859481B588F1300D43CA7 /* Sources */ = {
			isa = PBXSourcesBuildPhase;
			buildActionMask = 2147483647;
			files = (
				BBB859531B588F1300D43CA7 /* PisShadowScrollViewTests.m in Sources */,
			);
			runOnlyForDeploymentPostprocessing = 0;
		};
/* End PBXSourcesBuildPhase section */

/* Begin PBXTargetDependency section */
		BBB8594E1B588F1300D43CA7 /* PBXTargetDependency */ = {
			isa = PBXTargetDependency;
			target = BBB859321B588F1300D43CA7 /* PisShadowScrollView */;
			targetProxy = BBB8594D1B588F1300D43CA7 /* PBXContainerItemProxy */;
		};
/* End PBXTargetDependency section */

/* Begin PBXVariantGroup section */
		BBB859451B588F1300D43CA7 /* LaunchScreen.xib */ = {
			isa = PBXVariantGroup;
			children = (
				BBB859461B588F1300D43CA7 /* Base */,
			);
			name = LaunchScreen.xib;
			sourceTree = "<group>";
		};
/* End PBXVariantGroup section */

/* Begin XCBuildConfiguration section */
		BBB859541B588F1300D43CA7 /* Debug */ = {
			isa = XCBuildConfiguration;
			buildSettings = {
				ALWAYS_SEARCH_USER_PATHS = NO;
				CLANG_CXX_LANGUAGE_STANDARD = "gnu++0x";
				CLANG_CXX_LIBRARY = "libc++";
				CLANG_ENABLE_MODULES = YES;
				CLANG_ENABLE_OBJC_ARC = YES;
				CLANG_WARN_BOOL_CONVERSION = YES;
				CLANG_WARN_CONSTANT_CONVERSION = YES;
				CLANG_WARN_DIRECT_OBJC_ISA_USAGE = YES_ERROR;
				CLANG_WARN_EMPTY_BODY = YES;
				CLANG_WARN_ENUM_CONVERSION = YES;
				CLANG_WARN_INT_CONVERSION = YES;
				CLANG_WARN_OBJC_ROOT_CLASS = YES_ERROR;
				CLANG_WARN_UNREACHABLE_CODE = YES;
				CLANG_WARN__DUPLICATE_METHOD_MATCH = YES;
				"CODE_SIGN_IDENTITY[sdk=iphoneos*]" = "iPhone Developer";
				COPY_PHASE_STRIP = NO;
				DEBUG_INFORMATION_FORMAT = "dwarf-with-dsym";
				ENABLE_STRICT_OBJC_MSGSEND = YES;
				GCC_C_LANGUAGE_STANDARD = gnu99;
				GCC_DYNAMIC_NO_PIC = NO;
				GCC_NO_COMMON_BLOCKS = YES;
				GCC_OPTIMIZATION_LEVEL = 0;
				GCC_PREPROCESSOR_DEFINITIONS = (
					"DEBUG=1",
					"$(inherited)",
				);
				GCC_SYMBOLS_PRIVATE_EXTERN = NO;
				GCC_WARN_64_TO_32_BIT_CONVERSION = YES;
				GCC_WARN_ABOUT_RETURN_TYPE = YES_ERROR;
				GCC_WARN_UNDECLARED_SELECTOR = YES;
				GCC_WARN_UNINITIALIZED_AUTOS = YES_AGGRESSIVE;
				GCC_WARN_UNUSED_FUNCTION = YES;
				GCC_WARN_UNUSED_VARIABLE = YES;
				IPHONEOS_DEPLOYMENT_TARGET = 8.3;
				MTL_ENABLE_DEBUG_INFO = YES;
				ONLY_ACTIVE_ARCH = YES;
				SDKROOT = iphoneos;
			};
			name = Debug;
		};
		BBB859551B588F1300D43CA7 /* Release */ = {
			isa = XCBuildConfiguration;
			buildSettings = {
				ALWAYS_SEARCH_USER_PATHS = NO;
				CLANG_CXX_LANGUAGE_STANDARD = "gnu++0x";
				CLANG_CXX_LIBRARY = "libc++";
				CLANG_ENABLE_MODULES = YES;
				CLANG_ENABLE_OBJC_ARC = YES;
				CLANG_WARN_BOOL_CONVERSION = YES;
				CLANG_WARN_CONSTANT_CONVERSION = YES;
				CLANG_WARN_DIRECT_OBJC_ISA_USAGE = YES_ERROR;
				CLANG_WARN_EMPTY_BODY = YES;
				CLANG_WARN_ENUM_CONVERSION = YES;
				CLANG_WARN_INT_CONVERSION = YES;
				CLANG_WARN_OBJC_ROOT_CLASS = YES_ERROR;
				CLANG_WARN_UNREACHABLE_CODE = YES;
				CLANG_WARN__DUPLICATE_METHOD_MATCH = YES;
				"CODE_SIGN_IDENTITY[sdk=iphoneos*]" = "iPhone Developer";
				COPY_PHASE_STRIP = NO;
				DEBUG_INFORMATION_FORMAT = "dwarf-with-dsym";
				ENABLE_NS_ASSERTIONS = NO;
				ENABLE_STRICT_OBJC_MSGSEND = YES;
				GCC_C_LANGUAGE_STANDARD = gnu99;
				GCC_NO_COMMON_BLOCKS = YES;
				GCC_WARN_64_TO_32_BIT_CONVERSION = YES;
				GCC_WARN_ABOUT_RETURN_TYPE = YES_ERROR;
				GCC_WARN_UNDECLARED_SELECTOR = YES;
				GCC_WARN_UNINITIALIZED_AUTOS = YES_AGGRESSIVE;
				GCC_WARN_UNUSED_FUNCTION = YES;
				GCC_WARN_UNUSED_VARIABLE = YES;
				IPHONEOS_DEPLOYMENT_TARGET = 8.3;
				MTL_ENABLE_DEBUG_INFO = NO;
				SDKROOT = iphoneos;
				VALIDATE_PRODUCT = YES;
			};
			name = Release;
		};
		BBB859571B588F1300D43CA7 /* Debug */ = {
			isa = XCBuildConfiguration;
			buildSettings = {
				ASSETCATALOG_COMPILER_APPICON_NAME = AppIcon;
				GCC_PRECOMPILE_PREFIX_HEADER = YES;
				GCC_PREFIX_HEADER = "$(SRCROOT)/PisShadowScrollView/PisShadowScrollView-Prefix.pch";
				INFOPLIST_FILE = PisShadowScrollView/Info.plist;
				LD_RUNPATH_SEARCH_PATHS = "$(inherited) @executable_path/Frameworks";
				PRODUCT_NAME = "$(TARGET_NAME)";
			};
			name = Debug;
		};
		BBB859581B588F1300D43CA7 /* Release */ = {
			isa = XCBuildConfiguration;
			buildSettings = {
				ASSETCATALOG_COMPILER_APPICON_NAME = AppIcon;
				GCC_PRECOMPILE_PREFIX_HEADER = YES;
				GCC_PREFIX_HEADER = "$(SRCROOT)/PisShadowScrollView/PisShadowScrollView-Prefix.pch";
				INFOPLIST_FILE = PisShadowScrollView/Info.plist;
				LD_RUNPATH_SEARCH_PATHS = "$(inherited) @executable_path/Frameworks";
				PRODUCT_NAME = "$(TARGET_NAME)";
			};
			name = Release;
		};
		BBB8595A1B588F1300D43CA7 /* Debug */ = {
			isa = XCBuildConfiguration;
			buildSettings = {
				BUNDLE_LOADER = "$(TEST_HOST)";
				FRAMEWORK_SEARCH_PATHS = (
					"$(SDKROOT)/Developer/Library/Frameworks",
					"$(inherited)",
				);
				GCC_PREPROCESSOR_DEFINITIONS = (
					"DEBUG=1",
					"$(inherited)",
				);
				INFOPLIST_FILE = PisShadowScrollViewTests/Info.plist;
				LD_RUNPATH_SEARCH_PATHS = "$(inherited) @executable_path/Frameworks @loader_path/Frameworks";
				PRODUCT_NAME = "$(TARGET_NAME)";
				TEST_HOST = "$(BUILT_PRODUCTS_DIR)/PisShadowScrollView.app/PisShadowScrollView";
			};
			name = Debug;
		};
		BBB8595B1B588F1300D43CA7 /* Release */ = {
			isa = XCBuildConfiguration;
			buildSettings = {
				BUNDLE_LOADER = "$(TEST_HOST)";
				FRAMEWORK_SEARCH_PATHS = (
					"$(SDKROOT)/Developer/Library/Frameworks",
					"$(inherited)",
				);
				INFOPLIST_FILE = PisShadowScrollViewTests/Info.plist;
				LD_RUNPATH_SEARCH_PATHS = "$(inherited) @executable_path/Frameworks @loader_path/Frameworks";
				PRODUCT_NAME = "$(TARGET_NAME)";
				TEST_HOST = "$(BUILT_PRODUCTS_DIR)/PisShadowScrollView.app/PisShadowScrollView";
			};
			name = Release;
		};
/* End XCBuildConfiguration section */

/* Begin XCConfigurationList section */
		BBB8592E1B588F1300D43CA7 /* Build configuration list for PBXProject "PisShadowScrollView" */ = {
			isa = XCConfigurationList;
			buildConfigurations = (
				BBB859541B588F1300D43CA7 /* Debug */,
				BBB859551B588F1300D43CA7 /* Release */,
			);
			defaultConfigurationIsVisible = 0;
			defaultConfigurationName = Release;
		};
		BBB859561B588F1300D43CA7 /* Build configuration list for PBXNativeTarget "PisShadowScrollView" */ = {
			isa = XCConfigurationList;
			buildConfigurations = (
				BBB859571B588F1300D43CA7 /* Debug */,
				BBB859581B588F1300D43CA7 /* Release */,
			);
			defaultConfigurationIsVisible = 0;
			defaultConfigurationName = Release;
		};
		BBB859591B588F1300D43CA7 /* Build configuration list for PBXNativeTarget "PisShadowScrollViewTests" */ = {
			isa = XCConfigurationList;
			buildConfigurations = (
				BBB8595A1B588F1300D43CA7 /* Debug */,
				BBB8595B1B588F1300D43CA7 /* Release */,
			);
			defaultConfigurationIsVisible = 0;
			defaultConfigurationName = Release;
		};
/* End XCConfigurationList section */
	};
	rootObject = BBB8592B1B588F1300D43CA7 /* Project object */;
}
